{
  "originHash" : "3a2d12084383eecf495e93ec503ede885dd97bbe8dd8af2cd6735ce57bd860f4",
  "pins" : [
    {
      "identity" : "symbolpicker",
      "kind" : "remoteSourceControl",
      "location" : "https://github.com/xnth97/SymbolPicker",
      "state" : {
        "revision" : "8bb08c982235b8e601bc500a41e770d7e198759b",
        "version" : "1.6.2"
      }
    }
  ],
  "version" : 3
}
